// !$*UTF8*$!
{
	archiveVersion = 1;
	classes = {
	};
	objectVersion = 55;
	objects = {

/* Begin PBXBuildFile section */
		8308CBBF279B6725004FB212 /* LoadingView.swift in Sources */ = {isa = PBXBuildFile; fileRef = 8308CBBE279B6724004FB212 /* LoadingView.swift */; };
		83516AEA279F295000540E43 /* ProgressView.swift in Sources */ = {isa = PBXBuildFile; fileRef = 83516AE9279F295000540E43 /* ProgressView.swift */; };
		83516AF027A0803000540E43 /* DotsLoadingView.swift in Sources */ = {isa = PBXBuildFile; fileRef = 83516AEF27A0803000540E43 /* DotsLoadingView.swift */; };
		83717EAB27A1D27200F534E7 /* MorpfWiew.swift in Sources */ = {isa = PBXBuildFile; fileRef = 83717EAA27A1D27100F534E7 /* MorpfWiew.swift */; };
		83CCC2B5277E6CD5006A9274 /* ocho_animsApp.swift in Sources */ = {isa = PBXBuildFile; fileRef = 83CCC2B4277E6CD5006A9274 /* ocho_animsApp.swift */; };
		83CCC2B7277E6CD5006A9274 /* ContentView.swift in Sources */ = {isa = PBXBuildFile; fileRef = 83CCC2B6277E6CD5006A9274 /* ContentView.swift */; };
		83CCC2B9277E6CD8006A9274 /* Assets.xcassets in Resources */ = {isa = PBXBuildFile; fileRef = 83CCC2B8277E6CD8006A9274 /* Assets.xcassets */; };
		83CCC2BC277E6CD8006A9274 /* Preview Assets.xcassets in Resources */ = {isa = PBXBuildFile; fileRef = 83CCC2BB277E6CD8006A9274 /* Preview Assets.xcassets */; };
		83E9BC5227A5FA8100F12707 /* PaymentView.swift in Sources */ = {isa = PBXBuildFile; fileRef = 83E9BC5127A5FA8100F12707 /* PaymentView.swift */; };
/* End PBXBuildFile section */

/* Begin PBXFileReference section */
		8308CBBE279B6724004FB212 /* LoadingView.swift */ = {isa = PBXFileReference; lastKnownFileType = sourcecode.swift; path = LoadingView.swift; sourceTree = "<group>"; };
		83516AE9279F295000540E43 /* ProgressView.swift */ = {isa = PBXFileReference; lastKnownFileType = sourcecode.swift; path = ProgressView.swift; sourceTree = "<group>"; };
		83516AEF27A0803000540E43 /* DotsLoadingView.swift */ = {isa = PBXFileReference; lastKnownFileType = sourcecode.swift; path = DotsLoadingView.swift; sourceTree = "<group>"; };
		83717EAA27A1D27100F534E7 /* MorpfWiew.swift */ = {isa = PBXFileReference; lastKnownFileType = sourcecode.swift; path = MorpfWiew.swift; sourceTree = "<group>"; };
		83CCC2B1277E6CD4006A9274 /* ocho-anims.app */ = {isa = PBXFileReference; explicitFileType = wrapper.application; includeInIndex = 0; path = "ocho-anims.app"; sourceTree = BUILT_PRODUCTS_DIR; };
		83CCC2B4277E6CD5006A9274 /* ocho_animsApp.swift */ = {isa = PBXFileReference; lastKnownFileType = sourcecode.swift; path = ocho_animsApp.swift; sourceTree = "<group>"; };
		83CCC2B6277E6CD5006A9274 /* ContentView.swift */ = {isa = PBXFileReference; lastKnownFileType = sourcecode.swift; path = ContentView.swift; sourceTree = "<group>"; };
		83CCC2B8277E6CD8006A9274 /* Assets.xcassets */ = {isa = PBXFileReference; lastKnownFileType = folder.assetcatalog; path = Assets.xcassets; sourceTree = "<group>"; };
		83CCC2BB277E6CD8006A9274 /* Preview Assets.xcassets */ = {isa = PBXFileReference; lastKnownFileType = folder.assetcatalog; path = "Preview Assets.xcassets"; sourceTree = "<group>"; };
		83E9BC5127A5FA8100F12707 /* PaymentView.swift */ = {isa = PBXFileReference; lastKnownFileType = sourcecode.swift; path = PaymentView.swift; sourceTree = "<group>"; };
/* End PBXFileReference section */

/* Begin PBXFrameworksBuildPhase section */
		83CCC2AE277E6CD4006A9274 /* Frameworks */ = {
			isa = PBXFrameworksBuildPhase;
			buildActionMask = 2147483647;
			files = (
			);
			runOnlyForDeploymentPostprocessing = 0;
		};
/* End PBXFrameworksBuildPhase section */

/* Begin PBXGroup section */
		83CCC2A8277E6CD3006A9274 = {
			isa = PBXGroup;
			children = (
				83CCC2B3277E6CD4006A9274 /* ocho-anims */,
				83CCC2B2277E6CD4006A9274 /* Products */,
			);
			sourceTree = "<group>";
		};
		83CCC2B2277E6CD4006A9274 /* Products */ = {
			isa = PBXGroup;
			children = (
				83CCC2B1277E6CD4006A9274 /* ocho-anims.app */,
			);
			name = Products;
			sourceTree = "<group>";
		};
		83CCC2B3277E6CD4006A9274 /* ocho-anims */ = {
			isa = PBXGroup;
			children = (
				83CCC2B4277E6CD5006A9274 /* ocho_animsApp.swift */,
				83CCC2B6277E6CD5006A9274 /* ContentView.swift */,
				8308CBBE279B6724004FB212 /* LoadingView.swift */,
				83516AE9279F295000540E43 /* ProgressView.swift */,
				83516AEF27A0803000540E43 /* DotsLoadingView.swift */,
				83717EAA27A1D27100F534E7 /* MorpfWiew.swift */,
				83CCC2B8277E6CD8006A9274 /* Assets.xcassets */,
				83CCC2BA277E6CD8006A9274 /* Preview Content */,
				83E9BC5127A5FA8100F12707 /* PaymentView.swift */,
			);
			path = "ocho-anims";
			sourceTree = "<group>";
		};
		83CCC2BA277E6CD8006A9274 /* Preview Content */ = {
			isa = PBXGroup;
			children = (
				83CCC2BB277E6CD8006A9274 /* Preview Assets.xcassets */,
			);
			path = "Preview Content";
			sourceTree = "<group>";
		};
/* End PBXGroup section */

/* Begin PBXNativeTarget section */
		83CCC2B0277E6CD4006A9274 /* ocho-anims */ = {
			isa = PBXNativeTarget;
			buildConfigurationList = 83CCC2BF277E6CD8006A9274 /* Build configuration list for PBXNativeTarget "ocho-anims" */;
			buildPhases = (
				83CCC2AD277E6CD4006A9274 /* Sources */,
				83CCC2AE277E6CD4006A9274 /* Frameworks */,
				83CCC2AF277E6CD4006A9274 /* Resources */,
			);
			buildRules = (
			);
			dependencies = (
			);
			name = "ocho-anims";
			productName = "ocho-anims";
			productReference = 83CCC2B1277E6CD4006A9274 /* ocho-anims.app */;
			productType = "com.apple.product-type.application";
		};
/* End PBXNativeTarget section */

/* Begin PBXProject section */
		83CCC2A9277E6CD3006A9274 /* Project object */ = {
			isa = PBXProject;
			attributes = {
				BuildIndependentTargetsInParallel = 1;
				LastSwiftUpdateCheck = 1310;
				LastUpgradeCheck = 1310;
				TargetAttributes = {
					83CCC2B0277E6CD4006A9274 = {
						CreatedOnToolsVersion = 13.1;
					};
				};
			};
			buildConfigurationList = 83CCC2AC277E6CD3006A9274 /* Build configuration list for PBXProject "ocho-anims" */;
			compatibilityVersion = "Xcode 13.0";
			developmentRegion = en;
			hasScannedForEncodings = 0;
			knownRegions = (
				en,
				Base,
			);
			mainGroup = 83CCC2A8277E6CD3006A9274;
			productRefGroup = 83CCC2B2277E6CD4006A9274 /* Products */;
			projectDirPath = "";
			projectRoot = "";
			targets = (
				83CCC2B0277E6CD4006A9274 /* ocho-anims */,
			);
		};
/* End PBXProject section */

/* Begin PBXResourcesBuildPhase section */
		83CCC2AF277E6CD4006A9274 /* Resources */ = {
			isa = PBXResourcesBuildPhase;
			buildActionMask = 2147483647;
			files = (
				83CCC2BC277E6CD8006A9274 /* Preview Assets.xcassets in Resources */,
				83CCC2B9277E6CD8006A9274 /* Assets.xcassets in Resources */,
			);
			runOnlyForDeploymentPostprocessing = 0;
		};
/* End PBXResourcesBuildPhase section */

/* Begin PBXSourcesBuildPhase section */
		83CCC2AD277E6CD4006A9274 /* Sources */ = {
			isa = PBXSourcesBuildPhase;
			buildActionMask = 2147483647;
			files = (
				83717EAB27A1D27200F534E7 /* MorpfWiew.swift in Sources */,
				83CCC2B7277E6CD5006A9274 /* ContentView.swift in Sources */,
				83516AF027A0803000540E43 /* DotsLoadingView.swift in Sources */,
				83E9BC5227A5FA8100F12707 /* PaymentView.swift in Sources */,
				83516AEA279F295000540E43 /* ProgressView.swift in Sources */,
				83CCC2B5277E6CD5006A9274 /* ocho_animsApp.swift in Sources */,
				8308CBBF279B6725004FB212 /* LoadingView.swift in Sources */,
			);
			runOnlyForDeploymentPostprocessing = 0;
		};
/* End PBXSourcesBuildPhase section */

/* Begin XCBuildConfiguration section */
		83CCC2BD277E6CD8006A9274 /* Debug */ = {
			isa = XCBuildConfiguration;
			buildSettings = {
				ALWAYS_SEARCH_USER_PATHS = NO;
				CLANG_ANALYZER_NONNULL = YES;
				CLANG_ANALYZER_NUMBER_OBJECT_CONVERSION = YES_AGGRESSIVE;
				CLANG_CXX_LANGUAGE_STANDARD = "gnu++17";
				CLANG_CXX_LIBRARY = "libc++";
				CLANG_ENABLE_MODULES = YES;
				CLANG_ENABLE_OBJC_ARC = YES;
				CLANG_ENABLE_OBJC_WEAK = YES;
				CLANG_WARN_BLOCK_CAPTURE_AUTORELEASING = YES;
				CLANG_WARN_BOOL_CONVERSION = YES;
				CLANG_WARN_COMMA = YES;
				CLANG_WARN_CONSTANT_CONVERSION = YES;
				CLANG_WARN_DEPRECATED_OBJC_IMPLEMENTATIONS = YES;
				CLANG_WARN_DIRECT_OBJC_ISA_USAGE = YES_ERROR;
				CLANG_WARN_DOCUMENTATION_COMMENTS = YES;
				CLANG_WARN_EMPTY_BODY = YES;
				CLANG_WARN_ENUM_CONVERSION = YES;
				CLANG_WARN_INFINITE_RECURSION = YES;
				CLANG_WARN_INT_CONVERSION = YES;
				CLANG_WARN_NON_LITERAL_NULL_CONVERSION = YES;
				CLANG_WARN_OBJC_IMPLICIT_RETAIN_SELF = YES;
				CLANG_WARN_OBJC_LITERAL_CONVERSION = YES;
				CLANG_WARN_OBJC_ROOT_CLASS = YES_ERROR;
				CLANG_WARN_QUOTED_INCLUDE_IN_FRAMEWORK_HEADER = YES;
				CLANG_WARN_RANGE_LOOP_ANALYSIS = YES;
				CLANG_WARN_STRICT_PROTOTYPES = YES;
				CLANG_WARN_SUSPICIOUS_MOVE = YES;
				CLANG_WARN_UNGUARDED_AVAILABILITY = YES_AGGRESSIVE;
				CLANG_WARN_UNREACHABLE_CODE = YES;
				CLANG_WARN__DUPLICATE_METHOD_MATCH = YES;
				COPY_PHASE_STRIP = NO;
				DEBUG_INFORMATION_FORMAT = dwarf;
				ENABLE_STRICT_OBJC_MSGSEND = YES;
				ENABLE_TESTABILITY = YES;
				GCC_C_LANGUAGE_STANDARD = gnu11;
				GCC_DYNAMIC_NO_PIC = NO;
				GCC_NO_COMMON_BLOCKS = YES;
				GCC_OPTIMIZATION_LEVEL = 0;
				GCC_PREPROCESSOR_DEFINITIONS = (
					"DEBUG=1",
					"$(inherited)",
				);
				GCC_WARN_64_TO_32_BIT_CONVERSION = YES;
				GCC_WARN_ABOUT_RETURN_TYPE = YES_ERROR;
				GCC_WARN_UNDECLARED_SELECTOR = YES;
				GCC_WARN_UNINITIALIZED_AUTOS = YES_AGGRESSIVE;
				GCC_WARN_UNUSED_FUNCTION = YES;
				GCC_WARN_UNUSED_VARIABLE = YES;
				IPHONEOS_DEPLOYMENT_TARGET = 15.0;
				MTL_ENABLE_DEBUG_INFO = INCLUDE_SOURCE;
				MTL_FAST_MATH = YES;
				ONLY_ACTIVE_ARCH = YES;
				SDKROOT = iphoneos;
				SWIFT_ACTIVE_COMPILATION_CONDITIONS = DEBUG;
				SWIFT_OPTIMIZATION_LEVEL = "-Onone";
			};
			name = Debug;
		};
		83CCC2BE277E6CD8006A9274 /* Release */ = {
			isa = XCBuildConfiguration;
			buildSettings = {
				ALWAYS_SEARCH_USER_PATHS = NO;
				CLANG_ANALYZER_NONNULL = YES;
				CLANG_ANALYZER_NUMBER_OBJECT_CONVERSION = YES_AGGRESSIVE;
				CLANG_CXX_LANGUAGE_STANDARD = "gnu++17";
				CLANG_CXX_LIBRARY = "libc++";
				CLANG_ENABLE_MODULES = YES;
				CLANG_ENABLE_OBJC_ARC = YES;
				CLANG_ENABLE_OBJC_WEAK = YES;
				CLANG_WARN_BLOCK_CAPTURE_AUTORELEASING = YES;
				CLANG_WARN_BOOL_CONVERSION = YES;
				CLANG_WARN_COMMA = YES;
				CLANG_WARN_CONSTANT_CONVERSION = YES;
				CLANG_WARN_DEPRECATED_OBJC_IMPLEMENTATIONS = YES;
				CLANG_WARN_DIRECT_OBJC_ISA_USAGE = YES_ERROR;
				CLANG_WARN_DOCUMENTATION_COMMENTS = YES;
				CLANG_WARN_EMPTY_BODY = YES;
				CLANG_WARN_ENUM_CONVERSION = YES;
				CLANG_WARN_INFINITE_RECURSION = YES;
				CLANG_WARN_INT_CONVERSION = YES;
				CLANG_WARN_NON_LITERAL_NULL_CONVERSION = YES;
				CLANG_WARN_OBJC_IMPLICIT_RETAIN_SELF = YES;
				CLANG_WARN_OBJC_LITERAL_CONVERSION = YES;
				CLANG_WARN_OBJC_ROOT_CLASS = YES_ERROR;
				CLANG_WARN_QUOTED_INCLUDE_IN_FRAMEWORK_HEADER = YES;
				CLANG_WARN_RANGE_LOOP_ANALYSIS = YES;
				CLANG_WARN_STRICT_PROTOTYPES = YES;
				CLANG_WARN_SUSPICIOUS_MOVE = YES;
				CLANG_WARN_UNGUARDED_AVAILABILITY = YES_AGGRESSIVE;
				CLANG_WARN_UNREACHABLE_CODE = YES;
				CLANG_WARN__DUPLICATE_METHOD_MATCH = YES;
				COPY_PHASE_STRIP = NO;
				DEBUG_INFORMATION_FORMAT = "dwarf-with-dsym";
				ENABLE_NS_ASSERTIONS = NO;
				ENABLE_STRICT_OBJC_MSGSEND = YES;
				GCC_C_LANGUAGE_STANDARD = gnu11;
				GCC_NO_COMMON_BLOCKS = YES;
				GCC_WARN_64_TO_32_BIT_CONVERSION = YES;
				GCC_WARN_ABOUT_RETURN_TYPE = YES_ERROR;
				GCC_WARN_UNDECLARED_SELECTOR = YES;
				GCC_WARN_UNINITIALIZED_AUTOS = YES_AGGRESSIVE;
				GCC_WARN_UNUSED_FUNCTION = YES;
				GCC_WARN_UNUSED_VARIABLE = YES;
				IPHONEOS_DEPLOYMENT_TARGET = 15.0;
				MTL_ENABLE_DEBUG_INFO = NO;
				MTL_FAST_MATH = YES;
				SDKROOT = iphoneos;
				SWIFT_COMPILATION_MODE = wholemodule;
				SWIFT_OPTIMIZATION_LEVEL = "-O";
				VALIDATE_PRODUCT = YES;
			};
			name = Release;
		};
		83CCC2C0277E6CD8006A9274 /* Debug */ = {
			isa = XCBuildConfiguration;
			buildSettings = {
				ASSETCATALOG_COMPILER_APPICON_NAME = AppIcon;
				ASSETCATALOG_COMPILER_GLOBAL_ACCENT_COLOR_NAME = AccentColor;
				CODE_SIGN_STYLE = Automatic;
				CURRENT_PROJECT_VERSION = 1;
				DEVELOPMENT_ASSET_PATHS = "\"ocho-anims/Preview Content\"";
				DEVELOPMENT_TEAM = 99FQC7GBP5;
				ENABLE_PREVIEWS = YES;
				GENERATE_INFOPLIST_FILE = YES;
				INFOPLIST_KEY_UIApplicationSceneManifest_Generation = YES;
				INFOPLIST_KEY_UIApplicationSupportsIndirectInputEvents = YES;
				INFOPLIST_KEY_UILaunchScreen_Generation = YES;
				INFOPLIST_KEY_UISupportedInterfaceOrientations_iPad = "UIInterfaceOrientationPortrait UIInterfaceOrientationPortraitUpsideDown UIInterfaceOrientationLandscapeLeft UIInterfaceOrientationLandscapeRight";
				INFOPLIST_KEY_UISupportedInterfaceOrientations_iPhone = "UIInterfaceOrientationPortrait UIInterfaceOrientationLandscapeLeft UIInterfaceOrientationLandscapeRight";
				LD_RUNPATH_SEARCH_PATHS = (
					"$(inherited)",
					"@executable_path/Frameworks",
				);
				MARKETING_VERSION = 1.0;
				PRODUCT_BUNDLE_IDENTIFIER = "com.FranciscoGonzalezRodriguez.ocho-anims";
				PRODUCT_NAME = "$(TARGET_NAME)";
				SWIFT_EMIT_LOC_STRINGS = YES;
				SWIFT_VERSION = 5.0;
				TARGETED_DEVICE_FAMILY = "1,2";
			};
			name = Debug;
		};
		83CCC2C1277E6CD8006A9274 /* Release */ = {
			isa = XCBuildConfiguration;
			buildSettings = {
				ASSETCATALOG_COMPILER_APPICON_NAME = AppIcon;
				ASSETCATALOG_COMPILER_GLOBAL_ACCENT_COLOR_NAME = AccentColor;
				CODE_SIGN_STYLE = Automatic;
				CURRENT_PROJECT_VERSION = 1;
				DEVELOPMENT_ASSET_PATHS = "\"ocho-anims/Preview Content\"";
				DEVELOPMENT_TEAM = 99FQC7GBP5;
				ENABLE_PREVIEWS = YES;
				GENERATE_INFOPLIST_FILE = YES;
				INFOPLIST_KEY_UIApplicationSceneManifest_Generation = YES;
				INFOPLIST_KEY_UIApplicationSupportsIndirectInputEvents = YES;
				INFOPLIST_KEY_UILaunchScreen_Generation = YES;
				INFOPLIST_KEY_UISupportedInterfaceOrientations_iPad = "UIInterfaceOrientationPortrait UIInterfaceOrientationPortraitUpsideDown UIInterfaceOrientationLandscapeLeft UIInterfaceOrientationLandscapeRight";
				INFOPLIST_KEY_UISupportedInterfaceOrientations_iPhone = "UIInterfaceOrientationPortrait UIInterfaceOrientationLandscapeLeft UIInterfaceOrientationLandscapeRight";
				LD_RUNPATH_SEARCH_PATHS = (
					"$(inherited)",
					"@executable_path/Frameworks",
				);
				MARKETING_VERSION = 1.0;
				PRODUCT_BUNDLE_IDENTIFIER = "com.FranciscoGonzalezRodriguez.ocho-anims";
				PRODUCT_NAME = "$(TARGET_NAME)";
				SWIFT_EMIT_LOC_STRINGS = YES;
				SWIFT_VERSION = 5.0;
				TARGETED_DEVICE_FAMILY = "1,2";
			};
			name = Release;
		};
/* End XCBuildConfiguration section */

/* Begin XCConfigurationList section */
		83CCC2AC277E6CD3006A9274 /* Build configuration list for PBXProject "ocho-anims" */ = {
			isa = XCConfigurationList;
			buildConfigurations = (
				83CCC2BD277E6CD8006A9274 /* Debug */,
				83CCC2BE277E6CD8006A9274 /* Release */,
			);
			defaultConfigurationIsVisible = 0;
			defaultConfigurationName = Release;
		};
		83CCC2BF277E6CD8006A9274 /* Build configuration list for PBXNativeTarget "ocho-anims" */ = {
			isa = XCConfigurationList;
			buildConfigurations = (
				83CCC2C0277E6CD8006A9274 /* Debug */,
				83CCC2C1277E6CD8006A9274 /* Release */,
			);
			defaultConfigurationIsVisible = 0;
			defaultConfigurationName = Release;
		};
/* End XCConfigurationList section */
	};
	rootObject = 83CCC2A9277E6CD3006A9274 /* Project object */;
}
